// !$*UTF8*$!
{
	archiveVersion = 1;
	classes = {
	};
	objectVersion = 46;
	objects = {

/* Begin PBXBuildFile section */
		0520B41216F1156A008BD8F8 /* me.xcdatamodeld in Sources */ = {isa = PBXBuildFile; fileRef = 0520B41016F1156A008BD8F8 /* me.xcdatamodeld */; };
		0520B41516F11580008BD8F8 /* ItemDataModel.m in Sources */ = {isa = PBXBuildFile; fileRef = 0520B41416F11580008BD8F8 /* ItemDataModel.m */; };
		058C7F9816F5AEED007B9AB8 /* TextInputCell.m in Sources */ = {isa = PBXBuildFile; fileRef = 058C7F9716F5AEEC007B9AB8 /* TextInputCell.m */; };
		058C7FE716F63993007B9AB8 /* backbutton.png in Resources */ = {isa = PBXBuildFile; fileRef = 058C7FD516F63993007B9AB8 /* backbutton.png */; };
		058C7FE816F63993007B9AB8 /* backbutton@2x.png in Resources */ = {isa = PBXBuildFile; fileRef = 058C7FD616F63993007B9AB8 /* backbutton@2x.png */; };
		058C7FE916F63993007B9AB8 /* background.png in Resources */ = {isa = PBXBuildFile; fileRef = 058C7FD716F63993007B9AB8 /* background.png */; };
		058C7FEA16F63993007B9AB8 /* background@2x.png in Resources */ = {isa = PBXBuildFile; fileRef = 058C7FD816F63993007B9AB8 /* background@2x.png */; };
		058C7FEB16F63993007B9AB8 /* bluebutton.png in Resources */ = {isa = PBXBuildFile; fileRef = 058C7FD916F63993007B9AB8 /* bluebutton.png */; };
		058C7FEC16F63993007B9AB8 /* bluebutton@2x.png in Resources */ = {isa = PBXBuildFile; fileRef = 058C7FDA16F63993007B9AB8 /* bluebutton@2x.png */; };
		058C7FEF16F63993007B9AB8 /* header.png in Resources */ = {isa = PBXBuildFile; fileRef = 058C7FDD16F63993007B9AB8 /* header.png */; };
		058C7FF016F63993007B9AB8 /* header@2x.png in Resources */ = {isa = PBXBuildFile; fileRef = 058C7FDE16F63993007B9AB8 /* header@2x.png */; };
		058C7FF716F63993007B9AB8 /* whitebutton.png in Resources */ = {isa = PBXBuildFile; fileRef = 058C7FE516F63993007B9AB8 /* whitebutton.png */; };
		058C7FF816F63993007B9AB8 /* whitebutton@2x.png in Resources */ = {isa = PBXBuildFile; fileRef = 058C7FE616F63993007B9AB8 /* whitebutton@2x.png */; };
		058C800216F63B1F007B9AB8 /* bottomcell.png in Resources */ = {isa = PBXBuildFile; fileRef = 058C7FFA16F63B1F007B9AB8 /* bottomcell.png */; };
		058C800316F63B1F007B9AB8 /* bottomcell@2x.png in Resources */ = {isa = PBXBuildFile; fileRef = 058C7FFB16F63B1F007B9AB8 /* bottomcell@2x.png */; };
		058C800416F63B1F007B9AB8 /* middlecell.png in Resources */ = {isa = PBXBuildFile; fileRef = 058C7FFC16F63B1F007B9AB8 /* middlecell.png */; };
		058C800516F63B1F007B9AB8 /* middlecell@2x.png in Resources */ = {isa = PBXBuildFile; fileRef = 058C7FFD16F63B1F007B9AB8 /* middlecell@2x.png */; };
		058C800616F63B1F007B9AB8 /* singlecell.png in Resources */ = {isa = PBXBuildFile; fileRef = 058C7FFE16F63B1F007B9AB8 /* singlecell.png */; };
		058C800716F63B1F007B9AB8 /* singlecell@2x.png in Resources */ = {isa = PBXBuildFile; fileRef = 058C7FFF16F63B1F007B9AB8 /* singlecell@2x.png */; };
		058C800816F63B1F007B9AB8 /* topcell.png in Resources */ = {isa = PBXBuildFile; fileRef = 058C800016F63B1F007B9AB8 /* topcell.png */; };
		058C800916F63B1F007B9AB8 /* topcell@2x.png in Resources */ = {isa = PBXBuildFile; fileRef = 058C800116F63B1F007B9AB8 /* topcell@2x.png */; };
		058FB83316F4D8E800A3B9BB /* UIHelper.m in Sources */ = {isa = PBXBuildFile; fileRef = 058FB83216F4D8E800A3B9BB /* UIHelper.m */; };
		05905D8716FA471C00B9A4BE /* textfield.png in Resources */ = {isa = PBXBuildFile; fileRef = 05905D8516FA471C00B9A4BE /* textfield.png */; };
		05905D8816FA471C00B9A4BE /* textfield@2x.png in Resources */ = {isa = PBXBuildFile; fileRef = 05905D8616FA471C00B9A4BE /* textfield@2x.png */; };
		0590B1E516F7A35D0011B9C1 /* ItemCell.m in Sources */ = {isa = PBXBuildFile; fileRef = 0590B1E416F7A35D0011B9C1 /* ItemCell.m */; };
		05963F2716F113B7006B2A89 /* UIKit.framework in Frameworks */ = {isa = PBXBuildFile; fileRef = 05963F2616F113B7006B2A89 /* UIKit.framework */; };
		05963F2916F113B7006B2A89 /* Foundation.framework in Frameworks */ = {isa = PBXBuildFile; fileRef = 05963F2816F113B7006B2A89 /* Foundation.framework */; };
		05963F2B16F113B7006B2A89 /* CoreGraphics.framework in Frameworks */ = {isa = PBXBuildFile; fileRef = 05963F2A16F113B7006B2A89 /* CoreGraphics.framework */; };
		05963F2D16F113B7006B2A89 /* CoreData.framework in Frameworks */ = {isa = PBXBuildFile; fileRef = 05963F2C16F113B7006B2A89 /* CoreData.framework */; };
		05963F3316F113B7006B2A89 /* InfoPlist.strings in Resources */ = {isa = PBXBuildFile; fileRef = 05963F3116F113B7006B2A89 /* InfoPlist.strings */; };
		05963F3516F113B7006B2A89 /* main.m in Sources */ = {isa = PBXBuildFile; fileRef = 05963F3416F113B7006B2A89 /* main.m */; };
		05963F3916F113B7006B2A89 /* AppDelegate.m in Sources */ = {isa = PBXBuildFile; fileRef = 05963F3816F113B7006B2A89 /* AppDelegate.m */; };
		05963F3B16F113B7006B2A89 /* Default.png in Resources */ = {isa = PBXBuildFile; fileRef = 05963F3A16F113B7006B2A89 /* Default.png */; };
		05963F3D16F113B7006B2A89 /* Default@2x.png in Resources */ = {isa = PBXBuildFile; fileRef = 05963F3C16F113B7006B2A89 /* Default@2x.png */; };
		05963F3F16F113B7006B2A89 /* Default-568h@2x.png in Resources */ = {isa = PBXBuildFile; fileRef = 05963F3E16F113B7006B2A89 /* Default-568h@2x.png */; };
		05963F5016F1140A006B2A89 /* AddItemTableViewController.m in Sources */ = {isa = PBXBuildFile; fileRef = 05963F4916F1140A006B2A89 /* AddItemTableViewController.m */; };
		05963F5116F1140A006B2A89 /* Common.m in Sources */ = {isa = PBXBuildFile; fileRef = 05963F4B16F1140A006B2A89 /* Common.m */; };
		05963F5216F1140A006B2A89 /* CoreDataStore.m in Sources */ = {isa = PBXBuildFile; fileRef = 05963F4D16F1140A006B2A89 /* CoreDataStore.m */; };
		05963F5316F1140A006B2A89 /* ListTableViewController.m in Sources */ = {isa = PBXBuildFile; fileRef = 05963F4F16F1140A006B2A89 /* ListTableViewController.m */; };
		059A572C16FEFAF10057C1D4 /* JGTextField.m in Sources */ = {isa = PBXBuildFile; fileRef = 059A572B16FEFAF10057C1D4 /* JGTextField.m */; };
		05ACF95116F114AB00036A8C /* MCSwipeTableViewCell.m in Sources */ = {isa = PBXBuildFile; fileRef = 05ACF95016F114AB00036A8C /* MCSwipeTableViewCell.m */; };
		05ACF95816F114DB00036A8C /* Item.m in Sources */ = {isa = PBXBuildFile; fileRef = 05ACF95716F114DB00036A8C /* Item.m */; };
/* End PBXBuildFile section */

/* Begin PBXFileReference section */
		0520B41116F1156A008BD8F8 /* me.xcdatamodel */ = {isa = PBXFileReference; lastKnownFileType = wrapper.xcdatamodel; path = me.xcdatamodel; sourceTree = "<group>"; };
		0520B41316F11580008BD8F8 /* ItemDataModel.h */ = {isa = PBXFileReference; fileEncoding = 4; lastKnownFileType = sourcecode.c.h; path = ItemDataModel.h; sourceTree = "<group>"; };
		0520B41416F11580008BD8F8 /* ItemDataModel.m */ = {isa = PBXFileReference; fileEncoding = 4; lastKnownFileType = sourcecode.c.objc; path = ItemDataModel.m; sourceTree = "<group>"; };
		058C7F9616F5AEEC007B9AB8 /* TextInputCell.h */ = {isa = PBXFileReference; fileEncoding = 4; lastKnownFileType = sourcecode.c.h; path = TextInputCell.h; sourceTree = "<group>"; };
		058C7F9716F5AEEC007B9AB8 /* TextInputCell.m */ = {isa = PBXFileReference; fileEncoding = 4; lastKnownFileType = sourcecode.c.objc; path = TextInputCell.m; sourceTree = "<group>"; };
		058C7FD516F63993007B9AB8 /* backbutton.png */ = {isa = PBXFileReference; lastKnownFileType = image.png; path = backbutton.png; sourceTree = "<group>"; };
		058C7FD616F63993007B9AB8 /* backbutton@2x.png */ = {isa = PBXFileReference; lastKnownFileType = image.png; path = "backbutton@2x.png"; sourceTree = "<group>"; };
		058C7FD716F63993007B9AB8 /* background.png */ = {isa = PBXFileReference; lastKnownFileType = image.png; path = background.png; sourceTree = "<group>"; };
		058C7FD816F63993007B9AB8 /* background@2x.png */ = {isa = PBXFileReference; lastKnownFileType = image.png; path = "background@2x.png"; sourceTree = "<group>"; };
		058C7FD916F63993007B9AB8 /* bluebutton.png */ = {isa = PBXFileReference; lastKnownFileType = image.png; path = bluebutton.png; sourceTree = "<group>"; };
		058C7FDA16F63993007B9AB8 /* bluebutton@2x.png */ = {isa = PBXFileReference; lastKnownFileType = image.png; path = "bluebutton@2x.png"; sourceTree = "<group>"; };
		058C7FDD16F63993007B9AB8 /* header.png */ = {isa = PBXFileReference; lastKnownFileType = image.png; path = header.png; sourceTree = "<group>"; };
		058C7FDE16F63993007B9AB8 /* header@2x.png */ = {isa = PBXFileReference; lastKnownFileType = image.png; path = "header@2x.png"; sourceTree = "<group>"; };
		058C7FE516F63993007B9AB8 /* whitebutton.png */ = {isa = PBXFileReference; lastKnownFileType = image.png; path = whitebutton.png; sourceTree = "<group>"; };
		058C7FE616F63993007B9AB8 /* whitebutton@2x.png */ = {isa = PBXFileReference; lastKnownFileType = image.png; path = "whitebutton@2x.png"; sourceTree = "<group>"; };
		058C7FFA16F63B1F007B9AB8 /* bottomcell.png */ = {isa = PBXFileReference; lastKnownFileType = image.png; path = bottomcell.png; sourceTree = "<group>"; };
		058C7FFB16F63B1F007B9AB8 /* bottomcell@2x.png */ = {isa = PBXFileReference; lastKnownFileType = image.png; path = "bottomcell@2x.png"; sourceTree = "<group>"; };
		058C7FFC16F63B1F007B9AB8 /* middlecell.png */ = {isa = PBXFileReference; lastKnownFileType = image.png; path = middlecell.png; sourceTree = "<group>"; };
		058C7FFD16F63B1F007B9AB8 /* middlecell@2x.png */ = {isa = PBXFileReference; lastKnownFileType = image.png; path = "middlecell@2x.png"; sourceTree = "<group>"; };
		058C7FFE16F63B1F007B9AB8 /* singlecell.png */ = {isa = PBXFileReference; lastKnownFileType = image.png; path = singlecell.png; sourceTree = "<group>"; };
		058C7FFF16F63B1F007B9AB8 /* singlecell@2x.png */ = {isa = PBXFileReference; lastKnownFileType = image.png; path = "singlecell@2x.png"; sourceTree = "<group>"; };
		058C800016F63B1F007B9AB8 /* topcell.png */ = {isa = PBXFileReference; lastKnownFileType = image.png; path = topcell.png; sourceTree = "<group>"; };
		058C800116F63B1F007B9AB8 /* topcell@2x.png */ = {isa = PBXFileReference; lastKnownFileType = image.png; path = "topcell@2x.png"; sourceTree = "<group>"; };
		058FB83116F4D8E800A3B9BB /* UIHelper.h */ = {isa = PBXFileReference; fileEncoding = 4; lastKnownFileType = sourcecode.c.h; path = UIHelper.h; sourceTree = "<group>"; };
		058FB83216F4D8E800A3B9BB /* UIHelper.m */ = {isa = PBXFileReference; fileEncoding = 4; lastKnownFileType = sourcecode.c.objc; path = UIHelper.m; sourceTree = "<group>"; };
		05905D8516FA471C00B9A4BE /* textfield.png */ = {isa = PBXFileReference; lastKnownFileType = image.png; path = textfield.png; sourceTree = "<group>"; };
		05905D8616FA471C00B9A4BE /* textfield@2x.png */ = {isa = PBXFileReference; lastKnownFileType = image.png; path = "textfield@2x.png"; sourceTree = "<group>"; };
		0590B1E316F7A35D0011B9C1 /* ItemCell.h */ = {isa = PBXFileReference; fileEncoding = 4; lastKnownFileType = sourcecode.c.h; path = ItemCell.h; sourceTree = "<group>"; };
		0590B1E416F7A35D0011B9C1 /* ItemCell.m */ = {isa = PBXFileReference; fileEncoding = 4; lastKnownFileType = sourcecode.c.objc; path = ItemCell.m; sourceTree = "<group>"; };
		05963F2316F113B7006B2A89 /* me.app */ = {isa = PBXFileReference; explicitFileType = wrapper.application; includeInIndex = 0; path = me.app; sourceTree = BUILT_PRODUCTS_DIR; };
		05963F2616F113B7006B2A89 /* UIKit.framework */ = {isa = PBXFileReference; lastKnownFileType = wrapper.framework; name = UIKit.framework; path = System/Library/Frameworks/UIKit.framework; sourceTree = SDKROOT; };
		05963F2816F113B7006B2A89 /* Foundation.framework */ = {isa = PBXFileReference; lastKnownFileType = wrapper.framework; name = Foundation.framework; path = System/Library/Frameworks/Foundation.framework; sourceTree = SDKROOT; };
		05963F2A16F113B7006B2A89 /* CoreGraphics.framework */ = {isa = PBXFileReference; lastKnownFileType = wrapper.framework; name = CoreGraphics.framework; path = System/Library/Frameworks/CoreGraphics.framework; sourceTree = SDKROOT; };
		05963F2C16F113B7006B2A89 /* CoreData.framework */ = {isa = PBXFileReference; lastKnownFileType = wrapper.framework; name = CoreData.framework; path = System/Library/Frameworks/CoreData.framework; sourceTree = SDKROOT; };
		05963F3016F113B7006B2A89 /* me-Info.plist */ = {isa = PBXFileReference; lastKnownFileType = text.plist.xml; path = "me-Info.plist"; sourceTree = "<group>"; };
		05963F3216F113B7006B2A89 /* en */ = {isa = PBXFileReference; lastKnownFileType = text.plist.strings; name = en; path = en.lproj/InfoPlist.strings; sourceTree = "<group>"; };
		05963F3416F113B7006B2A89 /* main.m */ = {isa = PBXFileReference; lastKnownFileType = sourcecode.c.objc; path = main.m; sourceTree = "<group>"; };
		05963F3616F113B7006B2A89 /* me-Prefix.pch */ = {isa = PBXFileReference; lastKnownFileType = sourcecode.c.h; path = "me-Prefix.pch"; sourceTree = "<group>"; };
		05963F3716F113B7006B2A89 /* AppDelegate.h */ = {isa = PBXFileReference; lastKnownFileType = sourcecode.c.h; path = AppDelegate.h; sourceTree = "<group>"; };
		05963F3816F113B7006B2A89 /* AppDelegate.m */ = {isa = PBXFileReference; lastKnownFileType = sourcecode.c.objc; path = AppDelegate.m; sourceTree = "<group>"; };
		05963F3A16F113B7006B2A89 /* Default.png */ = {isa = PBXFileReference; lastKnownFileType = image.png; path = Default.png; sourceTree = "<group>"; };
		05963F3C16F113B7006B2A89 /* Default@2x.png */ = {isa = PBXFileReference; lastKnownFileType = image.png; path = "Default@2x.png"; sourceTree = "<group>"; };
		05963F3E16F113B7006B2A89 /* Default-568h@2x.png */ = {isa = PBXFileReference; lastKnownFileType = image.png; path = "Default-568h@2x.png"; sourceTree = "<group>"; };
		05963F4816F1140A006B2A89 /* AddItemTableViewController.h */ = {isa = PBXFileReference; fileEncoding = 4; lastKnownFileType = sourcecode.c.h; path = AddItemTableViewController.h; sourceTree = "<group>"; };
		05963F4916F1140A006B2A89 /* AddItemTableViewController.m */ = {isa = PBXFileReference; fileEncoding = 4; lastKnownFileType = sourcecode.c.objc; path = AddItemTableViewController.m; sourceTree = "<group>"; };
		05963F4A16F1140A006B2A89 /* Common.h */ = {isa = PBXFileReference; fileEncoding = 4; lastKnownFileType = sourcecode.c.h; path = Common.h; sourceTree = "<group>"; };
		05963F4B16F1140A006B2A89 /* Common.m */ = {isa = PBXFileReference; fileEncoding = 4; lastKnownFileType = sourcecode.c.objc; path = Common.m; sourceTree = "<group>"; };
		05963F4C16F1140A006B2A89 /* CoreDataStore.h */ = {isa = PBXFileReference; fileEncoding = 4; lastKnownFileType = sourcecode.c.h; path = CoreDataStore.h; sourceTree = "<group>"; };
		05963F4D16F1140A006B2A89 /* CoreDataStore.m */ = {isa = PBXFileReference; fileEncoding = 4; lastKnownFileType = sourcecode.c.objc; path = CoreDataStore.m; sourceTree = "<group>"; };
		05963F4E16F1140A006B2A89 /* ListTableViewController.h */ = {isa = PBXFileReference; fileEncoding = 4; lastKnownFileType = sourcecode.c.h; path = ListTableViewController.h; sourceTree = "<group>"; };
		05963F4F16F1140A006B2A89 /* ListTableViewController.m */ = {isa = PBXFileReference; fileEncoding = 4; lastKnownFileType = sourcecode.c.objc; path = ListTableViewController.m; sourceTree = "<group>"; };
		059A572A16FEFAF10057C1D4 /* JGTextField.h */ = {isa = PBXFileReference; fileEncoding = 4; lastKnownFileType = sourcecode.c.h; path = JGTextField.h; sourceTree = "<group>"; };
		059A572B16FEFAF10057C1D4 /* JGTextField.m */ = {isa = PBXFileReference; fileEncoding = 4; lastKnownFileType = sourcecode.c.objc; path = JGTextField.m; sourceTree = "<group>"; };
		05ACF94F16F114AB00036A8C /* MCSwipeTableViewCell.h */ = {isa = PBXFileReference; fileEncoding = 4; lastKnownFileType = sourcecode.c.h; path = MCSwipeTableViewCell.h; sourceTree = "<group>"; };
		05ACF95016F114AB00036A8C /* MCSwipeTableViewCell.m */ = {isa = PBXFileReference; fileEncoding = 4; lastKnownFileType = sourcecode.c.objc; path = MCSwipeTableViewCell.m; sourceTree = "<group>"; };
		05ACF95616F114DB00036A8C /* Item.h */ = {isa = PBXFileReference; fileEncoding = 4; lastKnownFileType = sourcecode.c.h; path = Item.h; sourceTree = "<group>"; };
		05ACF95716F114DB00036A8C /* Item.m */ = {isa = PBXFileReference; fileEncoding = 4; lastKnownFileType = sourcecode.c.objc; path = Item.m; sourceTree = "<group>"; };
/* End PBXFileReference section */

/* Begin PBXFrameworksBuildPhase section */
		05963F2016F113B7006B2A89 /* Frameworks */ = {
			isa = PBXFrameworksBuildPhase;
			buildActionMask = 2147483647;
			files = (
				05963F2716F113B7006B2A89 /* UIKit.framework in Frameworks */,
				05963F2916F113B7006B2A89 /* Foundation.framework in Frameworks */,
				05963F2B16F113B7006B2A89 /* CoreGraphics.framework in Frameworks */,
				05963F2D16F113B7006B2A89 /* CoreData.framework in Frameworks */,
			);
			runOnlyForDeploymentPostprocessing = 0;
		};
/* End PBXFrameworksBuildPhase section */

/* Begin PBXGroup section */
		058C7FF916F63AE4007B9AB8 /* cells */ = {
			isa = PBXGroup;
			children = (
				058C7FFA16F63B1F007B9AB8 /* bottomcell.png */,
				058C7FFB16F63B1F007B9AB8 /* bottomcell@2x.png */,
				058C7FFC16F63B1F007B9AB8 /* middlecell.png */,
				058C7FFD16F63B1F007B9AB8 /* middlecell@2x.png */,
				058C7FFE16F63B1F007B9AB8 /* singlecell.png */,
				058C7FFF16F63B1F007B9AB8 /* singlecell@2x.png */,
				058C800016F63B1F007B9AB8 /* topcell.png */,
				058C800116F63B1F007B9AB8 /* topcell@2x.png */,
			);
			name = cells;
			sourceTree = "<group>";
		};
		05963F1A16F113B7006B2A89 = {
			isa = PBXGroup;
			children = (
				05963F2E16F113B7006B2A89 /* me */,
				05963F2516F113B7006B2A89 /* Frameworks */,
				05963F2416F113B7006B2A89 /* Products */,
			);
			sourceTree = "<group>";
		};
		05963F2416F113B7006B2A89 /* Products */ = {
			isa = PBXGroup;
			children = (
				05963F2316F113B7006B2A89 /* me.app */,
			);
			name = Products;
			sourceTree = "<group>";
		};
		05963F2516F113B7006B2A89 /* Frameworks */ = {
			isa = PBXGroup;
			children = (
				05963F2616F113B7006B2A89 /* UIKit.framework */,
				05963F2816F113B7006B2A89 /* Foundation.framework */,
				05963F2A16F113B7006B2A89 /* CoreGraphics.framework */,
				05963F2C16F113B7006B2A89 /* CoreData.framework */,
			);
			name = Frameworks;
			sourceTree = "<group>";
		};
		05963F2E16F113B7006B2A89 /* me */ = {
			isa = PBXGroup;
			children = (
				05ACF94D16F1148800036A8C /* 3rdParty */,
				05963F5516F11429006B2A89 /* Models */,
				05963F5416F11413006B2A89 /* ViewControllers */,
				05963F4A16F1140A006B2A89 /* Common.h */,
				05963F4B16F1140A006B2A89 /* Common.m */,
				05963F4C16F1140A006B2A89 /* CoreDataStore.h */,
				05963F4D16F1140A006B2A89 /* CoreDataStore.m */,
				058FB83116F4D8E800A3B9BB /* UIHelper.h */,
				058FB83216F4D8E800A3B9BB /* UIHelper.m */,
				05963F3716F113B7006B2A89 /* AppDelegate.h */,
				05963F3816F113B7006B2A89 /* AppDelegate.m */,
				05963F2F16F113B7006B2A89 /* Supporting Files */,
			);
			path = me;
			sourceTree = "<group>";
		};
		05963F2F16F113B7006B2A89 /* Supporting Files */ = {
			isa = PBXGroup;
			children = (
				05ACF95916F1151200036A8C /* Images */,
				05963F3016F113B7006B2A89 /* me-Info.plist */,
				05963F3116F113B7006B2A89 /* InfoPlist.strings */,
				05963F3416F113B7006B2A89 /* main.m */,
				05963F3616F113B7006B2A89 /* me-Prefix.pch */,
				05963F3A16F113B7006B2A89 /* Default.png */,
				05963F3C16F113B7006B2A89 /* Default@2x.png */,
				05963F3E16F113B7006B2A89 /* Default-568h@2x.png */,
			);
			name = "Supporting Files";
			sourceTree = "<group>";
		};
		05963F5416F11413006B2A89 /* ViewControllers */ = {
			isa = PBXGroup;
			children = (
				05963F4816F1140A006B2A89 /* AddItemTableViewController.h */,
				05963F4916F1140A006B2A89 /* AddItemTableViewController.m */,
				05963F4E16F1140A006B2A89 /* ListTableViewController.h */,
				05963F4F16F1140A006B2A89 /* ListTableViewController.m */,
				058C7F9616F5AEEC007B9AB8 /* TextInputCell.h */,
				058C7F9716F5AEEC007B9AB8 /* TextInputCell.m */,
				0590B1E316F7A35D0011B9C1 /* ItemCell.h */,
				0590B1E416F7A35D0011B9C1 /* ItemCell.m */,
				059A572A16FEFAF10057C1D4 /* JGTextField.h */,
				059A572B16FEFAF10057C1D4 /* JGTextField.m */,
			);
			name = ViewControllers;
			sourceTree = "<group>";
		};
		05963F5516F11429006B2A89 /* Models */ = {
			isa = PBXGroup;
			children = (
				05ACF95216F114B800036A8C /* DataModel */,
				05ACF95616F114DB00036A8C /* Item.h */,
				05ACF95716F114DB00036A8C /* Item.m */,
			);
			name = Models;
			sourceTree = "<group>";
		};
		05ACF94D16F1148800036A8C /* 3rdParty */ = {
			isa = PBXGroup;
			children = (
				05ACF94E16F114AB00036A8C /* MCSwipeTableViewCell */,
			);
			name = 3rdParty;
			sourceTree = "<group>";
		};
		05ACF94E16F114AB00036A8C /* MCSwipeTableViewCell */ = {
			isa = PBXGroup;
			children = (
				05ACF94F16F114AB00036A8C /* MCSwipeTableViewCell.h */,
				05ACF95016F114AB00036A8C /* MCSwipeTableViewCell.m */,
			);
			path = MCSwipeTableViewCell;
			sourceTree = "<group>";
		};
		05ACF95216F114B800036A8C /* DataModel */ = {
			isa = PBXGroup;
			children = (
				0520B41316F11580008BD8F8 /* ItemDataModel.h */,
				0520B41416F11580008BD8F8 /* ItemDataModel.m */,
				0520B41016F1156A008BD8F8 /* me.xcdatamodeld */,
			);
			name = DataModel;
			sourceTree = "<group>";
		};
		05ACF95916F1151200036A8C /* Images */ = {
			isa = PBXGroup;
			children = (
				05905D8516FA471C00B9A4BE /* textfield.png */,
				05905D8616FA471C00B9A4BE /* textfield@2x.png */,
				058C7FF916F63AE4007B9AB8 /* cells */,
				058C7FD516F63993007B9AB8 /* backbutton.png */,
				058C7FD616F63993007B9AB8 /* backbutton@2x.png */,
				058C7FD716F63993007B9AB8 /* background.png */,
				058C7FD816F63993007B9AB8 /* background@2x.png */,
				058C7FD916F63993007B9AB8 /* bluebutton.png */,
				058C7FDA16F63993007B9AB8 /* bluebutton@2x.png */,
				058C7FDD16F63993007B9AB8 /* header.png */,
				058C7FDE16F63993007B9AB8 /* header@2x.png */,
				058C7FE516F63993007B9AB8 /* whitebutton.png */,
				058C7FE616F63993007B9AB8 /* whitebutton@2x.png */,
			);
			name = Images;
			sourceTree = "<group>";
		};
/* End PBXGroup section */

/* Begin PBXNativeTarget section */
		05963F2216F113B7006B2A89 /* me */ = {
			isa = PBXNativeTarget;
			buildConfigurationList = 05963F4516F113B7006B2A89 /* Build configuration list for PBXNativeTarget "me" */;
			buildPhases = (
				05963F1F16F113B7006B2A89 /* Sources */,
				05963F2016F113B7006B2A89 /* Frameworks */,
				05963F2116F113B7006B2A89 /* Resources */,
			);
			buildRules = (
			);
			dependencies = (
			);
			name = me;
			productName = me;
			productReference = 05963F2316F113B7006B2A89 /* me.app */;
			productType = "com.apple.product-type.application";
		};
/* End PBXNativeTarget section */

/* Begin PBXProject section */
		05963F1B16F113B7006B2A89 /* Project object */ = {
			isa = PBXProject;
			attributes = {
				LastUpgradeCheck = 0460;
				ORGANIZATIONNAME = duochjagochpensionarerna;
			};
			buildConfigurationList = 05963F1E16F113B7006B2A89 /* Build configuration list for PBXProject "me" */;
			compatibilityVersion = "Xcode 3.2";
			developmentRegion = English;
			hasScannedForEncodings = 0;
			knownRegions = (
				en,
			);
			mainGroup = 05963F1A16F113B7006B2A89;
			productRefGroup = 05963F2416F113B7006B2A89 /* Products */;
			projectDirPath = "";
			projectRoot = "";
			targets = (
				05963F2216F113B7006B2A89 /* me */,
			);
		};
/* End PBXProject section */

/* Begin PBXResourcesBuildPhase section */
		05963F2116F113B7006B2A89 /* Resources */ = {
			isa = PBXResourcesBuildPhase;
			buildActionMask = 2147483647;
			files = (
				05963F3316F113B7006B2A89 /* InfoPlist.strings in Resources */,
				05963F3B16F113B7006B2A89 /* Default.png in Resources */,
				05963F3D16F113B7006B2A89 /* Default@2x.png in Resources */,
				05963F3F16F113B7006B2A89 /* Default-568h@2x.png in Resources */,
				058C7FE716F63993007B9AB8 /* backbutton.png in Resources */,
				058C7FE816F63993007B9AB8 /* backbutton@2x.png in Resources */,
				058C7FE916F63993007B9AB8 /* background.png in Resources */,
				058C7FEA16F63993007B9AB8 /* background@2x.png in Resources */,
				058C7FEB16F63993007B9AB8 /* bluebutton.png in Resources */,
				058C7FEC16F63993007B9AB8 /* bluebutton@2x.png in Resources */,
				058C7FEF16F63993007B9AB8 /* header.png in Resources */,
				058C7FF016F63993007B9AB8 /* header@2x.png in Resources */,
				058C7FF716F63993007B9AB8 /* whitebutton.png in Resources */,
				058C7FF816F63993007B9AB8 /* whitebutton@2x.png in Resources */,
				058C800216F63B1F007B9AB8 /* bottomcell.png in Resources */,
				058C800316F63B1F007B9AB8 /* bottomcell@2x.png in Resources */,
				058C800416F63B1F007B9AB8 /* middlecell.png in Resources */,
				058C800516F63B1F007B9AB8 /* middlecell@2x.png in Resources */,
				058C800616F63B1F007B9AB8 /* singlecell.png in Resources */,
				058C800716F63B1F007B9AB8 /* singlecell@2x.png in Resources */,
				058C800816F63B1F007B9AB8 /* topcell.png in Resources */,
				058C800916F63B1F007B9AB8 /* topcell@2x.png in Resources */,
				05905D8716FA471C00B9A4BE /* textfield.png in Resources */,
				05905D8816FA471C00B9A4BE /* textfield@2x.png in Resources */,
			);
			runOnlyForDeploymentPostprocessing = 0;
		};
/* End PBXResourcesBuildPhase section */

/* Begin PBXSourcesBuildPhase section */
		05963F1F16F113B7006B2A89 /* Sources */ = {
			isa = PBXSourcesBuildPhase;
			buildActionMask = 2147483647;
			files = (
				05963F3516F113B7006B2A89 /* main.m in Sources */,
				05963F3916F113B7006B2A89 /* AppDelegate.m in Sources */,
				05963F5016F1140A006B2A89 /* AddItemTableViewController.m in Sources */,
				05963F5116F1140A006B2A89 /* Common.m in Sources */,
				05963F5216F1140A006B2A89 /* CoreDataStore.m in Sources */,
				05963F5316F1140A006B2A89 /* ListTableViewController.m in Sources */,
				05ACF95116F114AB00036A8C /* MCSwipeTableViewCell.m in Sources */,
				05ACF95816F114DB00036A8C /* Item.m in Sources */,
				0520B41216F1156A008BD8F8 /* me.xcdatamodeld in Sources */,
				0520B41516F11580008BD8F8 /* ItemDataModel.m in Sources */,
				058FB83316F4D8E800A3B9BB /* UIHelper.m in Sources */,
				058C7F9816F5AEED007B9AB8 /* TextInputCell.m in Sources */,
				0590B1E516F7A35D0011B9C1 /* ItemCell.m in Sources */,
				059A572C16FEFAF10057C1D4 /* JGTextField.m in Sources */,
			);
			runOnlyForDeploymentPostprocessing = 0;
		};
/* End PBXSourcesBuildPhase section */

/* Begin PBXVariantGroup section */
		05963F3116F113B7006B2A89 /* InfoPlist.strings */ = {
			isa = PBXVariantGroup;
			children = (
				05963F3216F113B7006B2A89 /* en */,
			);
			name = InfoPlist.strings;
			sourceTree = "<group>";
		};
/* End PBXVariantGroup section */

/* Begin XCBuildConfiguration section */
		05963F4316F113B7006B2A89 /* Debug */ = {
			isa = XCBuildConfiguration;
			buildSettings = {
				ALWAYS_SEARCH_USER_PATHS = NO;
				CLANG_CXX_LANGUAGE_STANDARD = "gnu++0x";
				CLANG_CXX_LIBRARY = "libc++";
				CLANG_ENABLE_OBJC_ARC = YES;
				CLANG_WARN_CONSTANT_CONVERSION = YES;
				CLANG_WARN_EMPTY_BODY = YES;
				CLANG_WARN_ENUM_CONVERSION = YES;
				CLANG_WARN_INT_CONVERSION = YES;
				CLANG_WARN__DUPLICATE_METHOD_MATCH = YES;
				"CODE_SIGN_IDENTITY[sdk=iphoneos*]" = "iPhone Developer";
				COPY_PHASE_STRIP = NO;
				GCC_C_LANGUAGE_STANDARD = gnu99;
				GCC_DYNAMIC_NO_PIC = NO;
				GCC_OPTIMIZATION_LEVEL = 0;
				GCC_PREPROCESSOR_DEFINITIONS = (
					"DEBUG=1",
					"$(inherited)",
				);
				GCC_SYMBOLS_PRIVATE_EXTERN = NO;
				GCC_WARN_ABOUT_RETURN_TYPE = YES;
				GCC_WARN_UNINITIALIZED_AUTOS = YES;
				GCC_WARN_UNUSED_VARIABLE = YES;
				IPHONEOS_DEPLOYMENT_TARGET = 6.1;
				ONLY_ACTIVE_ARCH = YES;
				SDKROOT = iphoneos;
			};
			name = Debug;
		};
		05963F4416F113B7006B2A89 /* Release */ = {
			isa = XCBuildConfiguration;
			buildSettings = {
				ALWAYS_SEARCH_USER_PATHS = NO;
				CLANG_CXX_LANGUAGE_STANDARD = "gnu++0x";
				CLANG_CXX_LIBRARY = "libc++";
				CLANG_ENABLE_OBJC_ARC = YES;
				CLANG_WARN_CONSTANT_CONVERSION = YES;
				CLANG_WARN_EMPTY_BODY = YES;
				CLANG_WARN_ENUM_CONVERSION = YES;
				CLANG_WARN_INT_CONVERSION = YES;
				CLANG_WARN__DUPLICATE_METHOD_MATCH = YES;
				"CODE_SIGN_IDENTITY[sdk=iphoneos*]" = "iPhone Developer";
				COPY_PHASE_STRIP = YES;
				GCC_C_LANGUAGE_STANDARD = gnu99;
				GCC_WARN_ABOUT_RETURN_TYPE = YES;
				GCC_WARN_UNINITIALIZED_AUTOS = YES;
				GCC_WARN_UNUSED_VARIABLE = YES;
				IPHONEOS_DEPLOYMENT_TARGET = 6.1;
				OTHER_CFLAGS = "-DNS_BLOCK_ASSERTIONS=1";
				SDKROOT = iphoneos;
				VALIDATE_PRODUCT = YES;
			};
			name = Release;
		};
		05963F4616F113B7006B2A89 /* Debug */ = {
			isa = XCBuildConfiguration;
			buildSettings = {
				GCC_PRECOMPILE_PREFIX_HEADER = YES;
				GCC_PREFIX_HEADER = "me/me-Prefix.pch";
				INFOPLIST_FILE = "me/me-Info.plist";
				PRODUCT_NAME = "$(TARGET_NAME)";
				WRAPPER_EXTENSION = app;
			};
			name = Debug;
		};
		05963F4716F113B7006B2A89 /* Release */ = {
			isa = XCBuildConfiguration;
			buildSettings = {
				GCC_PRECOMPILE_PREFIX_HEADER = YES;
				GCC_PREFIX_HEADER = "me/me-Prefix.pch";
				INFOPLIST_FILE = "me/me-Info.plist";
				PRODUCT_NAME = "$(TARGET_NAME)";
				WRAPPER_EXTENSION = app;
			};
			name = Release;
		};
/* End XCBuildConfiguration section */

/* Begin XCConfigurationList section */
		05963F1E16F113B7006B2A89 /* Build configuration list for PBXProject "me" */ = {
			isa = XCConfigurationList;
			buildConfigurations = (
				05963F4316F113B7006B2A89 /* Debug */,
				05963F4416F113B7006B2A89 /* Release */,
			);
			defaultConfigurationIsVisible = 0;
			defaultConfigurationName = Release;
		};
		05963F4516F113B7006B2A89 /* Build configuration list for PBXNativeTarget "me" */ = {
			isa = XCConfigurationList;
			buildConfigurations = (
				05963F4616F113B7006B2A89 /* Debug */,
				05963F4716F113B7006B2A89 /* Release */,
			);
			defaultConfigurationIsVisible = 0;
			defaultConfigurationName = Release;
		};
/* End XCConfigurationList section */

/* Begin XCVersionGroup section */
		0520B41016F1156A008BD8F8 /* me.xcdatamodeld */ = {
			isa = XCVersionGroup;
			children = (
				0520B41116F1156A008BD8F8 /* me.xcdatamodel */,
			);
			currentVersion = 0520B41116F1156A008BD8F8 /* me.xcdatamodel */;
			path = me.xcdatamodeld;
			sourceTree = "<group>";
			versionGroupType = wrapper.xcdatamodel;
		};
/* End XCVersionGroup section */
	};
	rootObject = 05963F1B16F113B7006B2A89 /* Project object */;
}
